# THIS IS AN AUTOGENERATED FILE. DO NOT EDIT THIS FILE DIRECTLY.
# yarn lockfile v1


"@types/wechat-miniprogram@^3.0.0":
  version "3.1.0"
  resolved "https://registry.yarnpkg.com/@types/wechat-miniprogram/-/wechat-miniprogram-3.1.0.tgz#b7c2bbe7738857372627e82e972145ec5bc6f04a"
  integrity sha512-p9nePsWeNcZrwUwoiLTU5s1Z4KpXeCSbGYxmU9IhGyXQZA0oeYdQVvA1QBlcRbKayRS4TQvZlSV8OSx4fpnCpg==

"@vant/weapp@^1.5.2":
  version "1.5.2"
  resolved "https://registry.yarnpkg.com/@vant/weapp/-/weapp-1.5.2.tgz#ea09223f52b3a0ccc4c914ebe586b69b0c801685"
  integrity sha512-jJFVszQXijyFN+D85Dmu3BGRwr5Ofh/MSByq1VPSoN1FeIisHNtcpfLycYzjJRkpPCfm9T1L9YlOUskWXnjJNQ==
  dependencies:
    "@types/wechat-miniprogram" "^3.0.0"
